{
    "_readme": [
        "This file locks the dependencies of your project to a known state",
        "Read more about it at https://getcomposer.org/doc/01-basic-usage.md#installing-dependencies",
        "This file is @generated automatically"
    ],
    "content-hash": "2ae4d32637dd0e60e97e5d5cbb40a7f7",
    "packages": [
        {
            "name": "giggsey/libphonenumber-for-php",
            "version": "8.13.21",
            "source": {
                "type": "git",
                "url": "https://github.com/giggsey/libphonenumber-for-php.git",
                "reference": "f21468b182b4e1983496fb0b8cb6a948d521f374"
            },
            "dist": {
                "type": "zip",
                "url": "https://api.github.com/repos/giggsey/libphonenumber-for-php/zipball/f21468b182b4e1983496fb0b8cb6a948d521f374",
                "reference": "f21468b182b4e1983496fb0b8cb6a948d521f374",
                "shasum": ""
            },
            "require": {
                "giggsey/locale": "^1.7|^2.0",
                "php": ">=5.3.2",
                "symfony/polyfill-mbstring": "^1.17"
            },
            "require-dev": {
                "pear/pear-core-minimal": "^1.9",
                "pear/pear_exception": "^1.0",
                "pear/versioncontrol_git": "^0.5",
                "phing/phing": "^2.7",
                "php-coveralls/php-coveralls": "^1.0|^2.0",
                "symfony/console": "^2.8|^3.0|^v4.4|^v5.2",
                "symfony/phpunit-bridge": "^4.2 || ^5"
            },
            "type": "library",
            "extra": {
                "branch-alias": {
                    "dev-master": "8.x-dev"
                }
            },
            "autoload": {
                "psr-4": {
                    "libphonenumber\\": "src/"
                },
                "exclude-from-classmap": [
                    "/src/data/",
                    "/src/carrier/data/",
                    "/src/geocoding/data/",
                    "/src/timezone/data/"
                ]
            },
            "notification-url": "https://packagist.org/downloads/",
            "license": [
                "Apache-2.0"
            ],
            "authors": [
                {
                    "name": "Joshua Gigg",
                    "email": "giggsey@gmail.com",
                    "homepage": "https://giggsey.com/"
                }
            ],
            "description": "PHP Port of Google's libphonenumber",
            "homepage": "https://github.com/giggsey/libphonenumber-for-php",
            "keywords": [
                "geocoding",
                "geolocation",
                "libphonenumber",
                "mobile",
                "phonenumber",
                "validation"
            ],
            "support": {
                "issues": "https://github.com/giggsey/libphonenumber-for-php/issues",
                "source": "https://github.com/giggsey/libphonenumber-for-php"
            },
            "time": "2023-09-20T12:06:46+00:00"
        },
        {
            "name": "giggsey/locale",
            "version": "2.4",
            "source": {
                "type": "git",
                "url": "https://github.com/giggsey/Locale.git",
                "reference": "a6b33dfc9e8949b7e28133c4628b29cd9f1850bb"
            },
            "dist": {
                "type": "zip",
                "url": "https://api.github.com/repos/giggsey/Locale/zipball/a6b33dfc9e8949b7e28133c4628b29cd9f1850bb",
                "reference": "a6b33dfc9e8949b7e28133c4628b29cd9f1850bb",
                "shasum": ""
            },
            "require": {
                "php": ">=7.2"
            },
            "require-dev": {
                "ext-json": "*",
                "pear/pear-core-minimal": "^1.9",
                "pear/pear_exception": "^1.0",
                "pear/versioncontrol_git": "^0.5",
                "phing/phing": "^2.7",
                "php-coveralls/php-coveralls": "^2.0",
                "phpunit/phpunit": "^8.5|^9.5",
                "symfony/console": "^5.0|^6.0",
                "symfony/filesystem": "^5.0|^6.0",
                "symfony/finder": "^5.0|^6.0",
                "symfony/process": "^5.0|^6.0"
            },
            "type": "library",
            "autoload": {
                "psr-4": {
                    "Giggsey\\Locale\\": "src/"
                }
            },
            "notification-url": "https://packagist.org/downloads/",
            "license": [
                "MIT"
            ],
            "authors": [
                {
                    "name": "Joshua Gigg",
                    "email": "giggsey@gmail.com",
                    "homepage": "https://giggsey.com/"
                }
            ],
            "description": "Locale functions required by libphonenumber-for-php",
            "support": {
                "issues": "https://github.com/giggsey/Locale/issues",
                "source": "https://github.com/giggsey/Locale/tree/2.4"
            },
            "time": "2023-04-13T07:40:58+00:00"
        },
        {
            "name": "symfony/dotenv",
            "version": "v6.3.0",
            "source": {
                "type": "git",
                "url": "https://github.com/symfony/dotenv.git",
                "reference": "ceadb434fe2a6763a03d2d110441745834f3dd1e"
            },
            "dist": {
                "type": "zip",
                "url": "https://api.github.com/repos/symfony/dotenv/zipball/ceadb434fe2a6763a03d2d110441745834f3dd1e",
                "reference": "ceadb434fe2a6763a03d2d110441745834f3dd1e",
                "shasum": ""
            },
            "require": {
                "php": ">=8.1"
            },
            "conflict": {
                "symfony/console": "<5.4",
                "symfony/process": "<5.4"
            },
            "require-dev": {
                "symfony/console": "^5.4|^6.0",
                "symfony/process": "^5.4|^6.0"
            },
            "type": "library",
            "autoload": {
                "psr-4": {
                    "Symfony\\Component\\Dotenv\\": ""
                },
                "exclude-from-classmap": [
                    "/Tests/"
                ]
            },
            "notification-url": "https://packagist.org/downloads/",
            "license": [
                "MIT"
            ],
            "authors": [
                {
                    "name": "Fabien Potencier",
                    "email": "fabien@symfony.com"
                },
                {
                    "name": "Symfony Community",
                    "homepage": "https://symfony.com/contributors"
                }
            ],
            "description": "Registers environment variables from a .env file",
            "homepage": "https://symfony.com",
            "keywords": [
                "dotenv",
                "env",
                "environment"
            ],
            "support": {
                "source": "https://github.com/symfony/dotenv/tree/v6.3.0"
            },
            "funding": [
                {
                    "url": "https://symfony.com/sponsor",
                    "type": "custom"
                },
                {
                    "url": "https://github.com/fabpot",
                    "type": "github"
                },
                {
                    "url": "https://tidelift.com/funding/github/packagist/symfony/symfony",
                    "type": "tidelift"
                }
            ],
            "time": "2023-04-21T14:41:17+00:00"
        },
        {
            "name": "symfony/polyfill-mbstring",
            "version": "v1.28.0",
            "source": {
                "type": "git",
                "url": "https://github.com/symfony/polyfill-mbstring.git",
                "reference": "42292d99c55abe617799667f454222c54c60e229"
            },
            "dist": {
                "type": "zip",
                "url": "https://api.github.com/repos/symfony/polyfill-mbstring/zipball/42292d99c55abe617799667f454222c54c60e229",
                "reference": "42292d99c55abe617799667f454222c54c60e229",
                "shasum": ""
            },
            "require": {
                "php": ">=7.1"
            },
            "provide": {
                "ext-mbstring": "*"
            },
            "suggest": {
                "ext-mbstring": "For best performance"
            },
            "type": "library",
            "extra": {
                "branch-alias": {
                    "dev-main": "1.28-dev"
                },
                "thanks": {
                    "name": "symfony/polyfill",
                    "url": "https://github.com/symfony/polyfill"
                }
            },
            "autoload": {
                "files": [
                    "bootstrap.php"
                ],
                "psr-4": {
                    "Symfony\\Polyfill\\Mbstring\\": ""
                }
            },
            "notification-url": "https://packagist.org/downloads/",
            "license": [
                "MIT"
            ],
            "authors": [
                {
                    "name": "Nicolas Grekas",
                    "email": "p@tchwork.com"
                },
                {
                    "name": "Symfony Community",
                    "homepage": "https://symfony.com/contributors"
                }
            ],
            "description": "Symfony polyfill for the Mbstring extension",
            "homepage": "https://symfony.com",
            "keywords": [
                "compatibility",
                "mbstring",
                "polyfill",
                "portable",
                "shim"
            ],
            "support": {
                "source": "https://github.com/symfony/polyfill-mbstring/tree/v1.28.0"
            },
            "funding": [
                {
                    "url": "https://symfony.com/sponsor",
                    "type": "custom"
                },
                {
                    "url": "https://github.com/fabpot",
                    "type": "github"
                },
                {
                    "url": "https://tidelift.com/funding/github/packagist/symfony/symfony",
                    "type": "tidelift"
                }
            ],
            "time": "2023-07-28T09:04:16+00:00"
        },
        {
            "name": "twilio/sdk",
            "version": "7.11.0",
            "source": {
                "type": "git",
                "url": "git@github.com:twilio/twilio-php.git",
                "reference": "3ba1a8da94f7c92d2cd0d17d8155636962769991"
            },
            "dist": {
                "type": "zip",
                "url": "https://api.github.com/repos/twilio/twilio-php/zipball/3ba1a8da94f7c92d2cd0d17d8155636962769991",
                "reference": "3ba1a8da94f7c92d2cd0d17d8155636962769991",
                "shasum": ""
            },
            "require": {
                "php": ">=7.1.0"
            },
            "require-dev": {
                "guzzlehttp/guzzle": "^6.3 || ^7.0",
                "phpunit/phpunit": ">=7.0 < 10"
            },
            "suggest": {
                "guzzlehttp/guzzle": "An HTTP client to execute the API requests"
            },
            "type": "library",
            "autoload": {
                "psr-4": {
                    "Twilio\\": "src/Twilio/"
                }
            },
            "notification-url": "https://packagist.org/downloads/",
            "license": [
                "MIT"
            ],
            "authors": [
                {
                    "name": "Twilio API Team",
                    "email": "api@twilio.com"
                }
            ],
            "description": "A PHP wrapper for Twilio's API",
            "homepage": "https://github.com/twilio/twilio-php",
            "keywords": [
                "api",
                "sms",
                "twilio"
            ],
            "time": "2023-09-21T08:38:54+00:00"
        }
    ],
    "packages-dev": [],
    "aliases": [],
    "minimum-stability": "stable",
    "stability-flags": [],
    "prefer-stable": false,
    "prefer-lowest": false,
    "platform": [],
    "platform-dev": [],
    "plugin-api-version": "2.6.0"
}
